<?xml version="1.0" encoding="utf-8"?>
<Project ToolsVersion="4.0" xmlns="http://schemas.microsoft.com/developer/msbuild/2003">
  <ItemGroup>
    <Filter Include="源文件">
      <UniqueIdentifier>{4FC737F1-C7A5-4376-A066-2A32D752A2FF}</UniqueIdentifier>
      <Extensions>cpp;c;cc;cxx;def;odl;idl;hpj;bat;asm;asmx</Extensions>
    </Filter>
    <Filter Include="头文件">
      <UniqueIdentifier>{93995380-89BD-4b04-88EB-625FBE52EBFB}</UniqueIdentifier>
      <Extensions>h;hpp;hxx;hm;inl;inc;xsd</Extensions>
    </Filter>
    <Filter Include="资源文件">
      <UniqueIdentifier>{67DA6AB6-F800-4c08-8B7A-83BB121AAD01}</UniqueIdentifier>
      <Extensions>rc;ico;cur;bmp;dlg;rc2;rct;bin;rgs;gif;jpg;jpeg;jpe;resx;tiff;tif;png;wav;mfcribbon-ms</Extensions>
    </Filter>
    <Filter Include="头文件\Cases">
      <UniqueIdentifier>{c47cfcd6-4a06-4cbc-9a82-e1603d04ca47}</UniqueIdentifier>
    </Filter>
    <Filter Include="源文件\src">
      <UniqueIdentifier>{73d52d65-4a05-47b6-a861-2275c2eed4b0}</UniqueIdentifier>
    </Filter>
  </ItemGroup>
  <ItemGroup>
    <ClCompile Include="main.cpp">
      <Filter>源文件</Filter>
    </ClCompile>
    <ClCompile Include="..\Server\majiang\ActionValidator\ActionValidator.cpp">
      <Filter>源文件\src</Filter>
    </ClCompile>
    <ClCompile Include="..\Server\majiang\ActionValidator\ActionValidatorCreator.cpp">
      <Filter>源文件\src</Filter>
    </ClCompile>
    <ClCompile Include="..\Server\majiang\BankerSelector\BankerSelector.cpp">
      <Filter>源文件\src</Filter>
    </ClCompile>
    <ClCompile Include="..\Server\majiang\BankerSelector\BankerSelectorCreator.cpp">
      <Filter>源文件\src</Filter>
    </ClCompile>
    <ClCompile Include="..\Server\majiang\Card\Card.cpp">
      <Filter>源文件\src</Filter>
    </ClCompile>
    <ClCompile Include="..\Server\majiang\CardBlocks\CardBlocks.cpp">
      <Filter>源文件\src</Filter>
    </ClCompile>
    <ClCompile Include="..\Server\majiang\CardBlocks\CardBlocksCreator.cpp">
      <Filter>源文件\src</Filter>
    </ClCompile>
    <ClCompile Include="..\Server\majiang\Common\Restatistic.cpp">
      <Filter>源文件\src</Filter>
    </ClCompile>
    <ClCompile Include="..\Server\majiang\Common\Util.cpp">
      <Filter>源文件\src</Filter>
    </ClCompile>
    <ClCompile Include="..\Server\majiang\Extension\ExtensionActionValidator.cpp">
      <Filter>源文件\src</Filter>
    </ClCompile>
    <ClCompile Include="..\Server\majiang\Extension\ExtensionBankerSelector.cpp">
      <Filter>源文件\src</Filter>
    </ClCompile>
    <ClCompile Include="..\Server\majiang\Extension\ExtensionCardBlocks.cpp">
      <Filter>源文件\src</Filter>
    </ClCompile>
    <ClCompile Include="..\Server\majiang\Extension\ExtensionGameDirection.cpp">
      <Filter>源文件\src</Filter>
    </ClCompile>
    <ClCompile Include="..\Server\majiang\Extension\ExtensionGameOptions.cpp">
      <Filter>源文件\src</Filter>
    </ClCompile>
    <ClCompile Include="..\Server\majiang\Extension\ExtensionGamePlayerConnector.cpp">
      <Filter>源文件\src</Filter>
    </ClCompile>
    <ClCompile Include="..\Server\majiang\Extension\ExtensionHuAction.cpp">
      <Filter>源文件\src</Filter>
    </ClCompile>
    <ClCompile Include="..\Server\majiang\Extension\ExtensionHuPattern.cpp">
      <Filter>源文件\src</Filter>
    </ClCompile>
    <ClCompile Include="..\Server\majiang\Extension\ExtensionInterceptableCards.cpp">
      <Filter>源文件\src</Filter>
    </ClCompile>
    <ClCompile Include="..\Server\majiang\Extension\ExtensionLiquidation.cpp">
      <Filter>源文件\src</Filter>
    </ClCompile>
    <ClCompile Include="..\Server\majiang\Extension\ExtensionLogger.cpp">
      <Filter>源文件\src</Filter>
    </ClCompile>
    <ClCompile Include="..\Server\majiang\Extension\ExtensionMessageDelegate.cpp">
      <Filter>源文件\src</Filter>
    </ClCompile>
    <ClCompile Include="..\Server\majiang\Extension\ExtensionPlayer.cpp">
      <Filter>源文件\src</Filter>
    </ClCompile>
    <ClCompile Include="..\Server\majiang\Extension\ExtensionProcedureController.cpp">
      <Filter>源文件\src</Filter>
    </ClCompile>
    <ClCompile Include="..\Server\majiang\Extension\ExtensionTimer.cpp">
      <Filter>源文件\src</Filter>
    </ClCompile>
    <ClCompile Include="..\Server\majiang\ExtensionObject\ExtensionID.cpp">
      <Filter>源文件\src</Filter>
    </ClCompile>
    <ClCompile Include="..\Server\majiang\ExtensionObject\ExtensionObject.cpp">
      <Filter>源文件\src</Filter>
    </ClCompile>
    <ClCompile Include="..\Server\majiang\GameContext\GameContext.cpp">
      <Filter>源文件\src</Filter>
    </ClCompile>
    <ClCompile Include="..\Server\majiang\GameContext\GameContextCreator.cpp">
      <Filter>源文件\src</Filter>
    </ClCompile>
    <ClCompile Include="..\Server\majiang\GameDirection\GameDirection.cpp">
      <Filter>源文件\src</Filter>
    </ClCompile>
    <ClCompile Include="..\Server\majiang\GameDirection\GameDirectionCreator.cpp">
      <Filter>源文件\src</Filter>
    </ClCompile>
    <ClCompile Include="..\Server\majiang\GamePlayerConnector\GamePlayerConnector.cpp">
      <Filter>源文件\src</Filter>
    </ClCompile>
    <ClCompile Include="..\Server\majiang\GamePlayerConnector\GamePlayerConnectorCreator.cpp">
      <Filter>源文件\src</Filter>
    </ClCompile>
    <ClCompile Include="..\Server\majiang\GamePlayerConnector\MessageDelegate.cpp">
      <Filter>源文件\src</Filter>
    </ClCompile>
    <ClCompile Include="..\Server\majiang\GameProcedure\ProcedureAfterGetCard.cpp">
      <Filter>源文件\src</Filter>
    </ClCompile>
    <ClCompile Include="..\Server\majiang\GameProcedure\ProcedureDetermineIntercept.cpp">
      <Filter>源文件\src</Filter>
    </ClCompile>
    <ClCompile Include="..\Server\majiang\GameProcedure\ProcedureDistributeCard.cpp">
      <Filter>源文件\src</Filter>
    </ClCompile>
    <ClCompile Include="..\Server\majiang\GameProcedure\ProcedureGameStart.cpp">
      <Filter>源文件\src</Filter>
    </ClCompile>
    <ClCompile Include="..\Server\majiang\GameProcedure\ProcedureInterceptCard.cpp">
      <Filter>源文件\src</Filter>
    </ClCompile>
    <ClCompile Include="..\Server\majiang\GameProcedure\ProcedureLiquidation.cpp">
      <Filter>源文件\src</Filter>
    </ClCompile>
    <ClCompile Include="..\Server\majiang\GameProcedure\ProcedureNormalDrawCard.cpp">
      <Filter>源文件\src</Filter>
    </ClCompile>
    <ClCompile Include="..\Server\majiang\GameProcedure\ProcedureReadyHandDiscard.cpp">
      <Filter>源文件\src</Filter>
    </ClCompile>
    <ClCompile Include="..\Server\majiang\GameProcedure\ProcedureWaitSendCard.cpp">
      <Filter>源文件\src</Filter>
    </ClCompile>
    <ClCompile Include="..\Server\majiang\HuPattern\HuPatternMatch.cpp">
      <Filter>源文件\src</Filter>
    </ClCompile>
    <ClCompile Include="..\Server\majiang\HuPattern\HuPatternSet.cpp">
      <Filter>源文件\src</Filter>
    </ClCompile>
    <ClCompile Include="..\Server\majiang\HuPattern\PatternListGetterCommon.cpp">
      <Filter>源文件\src</Filter>
    </ClCompile>
    <ClCompile Include="..\Server\majiang\Interception\Interception.cpp">
      <Filter>源文件\src</Filter>
    </ClCompile>
    <ClCompile Include="..\Server\majiang\Liquidation\Liquidation.cpp">
      <Filter>源文件\src</Filter>
    </ClCompile>
    <ClCompile Include="..\Server\majiang\Logger\Logger.cpp">
      <Filter>源文件\src</Filter>
    </ClCompile>
    <ClCompile Include="..\Server\majiang\Notification\NotificationDiscardCard.cpp">
      <Filter>源文件\src</Filter>
    </ClCompile>
    <ClCompile Include="..\Server\majiang\Notification\NotificationDistributeCard.cpp">
      <Filter>源文件\src</Filter>
    </ClCompile>
    <ClCompile Include="..\Server\majiang\Notification\NotificationFirstRun.cpp">
      <Filter>源文件\src</Filter>
    </ClCompile>
    <ClCompile Include="..\Server\majiang\Notification\NotificationGameBegin.cpp">
      <Filter>源文件\src</Filter>
    </ClCompile>
    <ClCompile Include="..\Server\majiang\Notification\NotificationInterceptionResult.cpp">
      <Filter>源文件\src</Filter>
    </ClCompile>
    <ClCompile Include="..\Server\majiang\Notification\NotificationLiquidation.cpp">
      <Filter>源文件\src</Filter>
    </ClCompile>
    <ClCompile Include="..\Server\majiang\Notification\NotificationNormalDrawCard.cpp">
      <Filter>源文件\src</Filter>
    </ClCompile>
    <ClCompile Include="..\Server\majiang\PatternFinder\CardStatistic.cpp">
      <Filter>源文件\src</Filter>
    </ClCompile>
    <ClCompile Include="..\Server\majiang\PatternFinder\Pattern.cpp">
      <Filter>源文件\src</Filter>
    </ClCompile>
    <ClCompile Include="..\Server\majiang\PatternFinder\PatternCombination.cpp">
      <Filter>源文件\src</Filter>
    </ClCompile>
    <ClCompile Include="..\Server\majiang\PatternFinder\PatternConst.cpp">
      <Filter>源文件\src</Filter>
    </ClCompile>
    <ClCompile Include="..\Server\majiang\PatternFinder\PatternFinder.cpp">
      <Filter>源文件\src</Filter>
    </ClCompile>
    <ClCompile Include="..\Server\majiang\PatternFinder\PatternIntcRun.cpp">
      <Filter>源文件\src</Filter>
    </ClCompile>
    <ClCompile Include="..\Server\majiang\PatternFinder\PatternIntcSet.cpp">
      <Filter>源文件\src</Filter>
    </ClCompile>
    <ClCompile Include="..\Server\majiang\PatternFinder\PatternJokerConst.cpp">
      <Filter>源文件\src</Filter>
    </ClCompile>
    <ClCompile Include="..\Server\majiang\PatternFinder\PatternJokerList.cpp">
      <Filter>源文件\src</Filter>
    </ClCompile>
    <ClCompile Include="..\Server\majiang\PatternFinder\PatternJokerRun.cpp">
      <Filter>源文件\src</Filter>
    </ClCompile>
    <ClCompile Include="..\Server\majiang\PatternFinder\PatternJokerSet.cpp">
      <Filter>源文件\src</Filter>
    </ClCompile>
    <ClCompile Include="..\Server\majiang\PatternFinder\PatternPairs.cpp">
      <Filter>源文件\src</Filter>
    </ClCompile>
    <ClCompile Include="..\Server\majiang\PatternFinder\PatternResultCards.cpp">
      <Filter>源文件\src</Filter>
    </ClCompile>
    <ClCompile Include="..\Server\majiang\PatternFinder\PatternResultInterception.cpp">
      <Filter>源文件\src</Filter>
    </ClCompile>
    <ClCompile Include="..\Server\majiang\PatternFinder\PatternRun.cpp">
      <Filter>源文件\src</Filter>
    </ClCompile>
    <ClCompile Include="..\Server\majiang\PatternFinder\PatternSet.cpp">
      <Filter>源文件\src</Filter>
    </ClCompile>
    <ClCompile Include="..\Server\majiang\Player\Player.cpp">
      <Filter>源文件\src</Filter>
    </ClCompile>
    <ClCompile Include="..\Server\majiang\Player\PlayerCreator.cpp">
      <Filter>源文件\src</Filter>
    </ClCompile>
    <ClCompile Include="..\Server\majiang\Procedure\Procedure.cpp">
      <Filter>源文件\src</Filter>
    </ClCompile>
    <ClCompile Include="..\Server\majiang\Procedure\ProcedureController.cpp">
      <Filter>源文件\src</Filter>
    </ClCompile>
    <ClCompile Include="..\Server\majiang\Timer\Timer.cpp">
      <Filter>源文件\src</Filter>
    </ClCompile>
    <ClCompile Include="..\Specialize\PlayerActionDelegate.cpp">
      <Filter>源文件\src</Filter>
    </ClCompile>
    <ClCompile Include="..\Server\majiang\GamePlayerConnector\Question.cpp">
      <Filter>源文件\src</Filter>
    </ClCompile>
    <ClCompile Include="..\Server\majiang\Notification\QuestionInterception.cpp">
      <Filter>源文件\src</Filter>
    </ClCompile>
    <ClCompile Include="..\Server\majiang\Notification\QuestionReadyHandDiscard.cpp">
      <Filter>源文件\src</Filter>
    </ClCompile>
    <ClCompile Include="..\Server\majiang\Notification\QuestionWaitDiscard.cpp">
      <Filter>源文件\src</Filter>
    </ClCompile>
    <ClCompile Include="..\Server\majiang\PatternFinder\PatternNormalWin.cpp">
      <Filter>源文件\src</Filter>
    </ClCompile>
    <ClCompile Include="..\Specialize\ScoreItemGang.cpp">
      <Filter>源文件\src</Filter>
    </ClCompile>
    <ClCompile Include="..\Server\majiang\PatternFinder\PatternShiSanYao.cpp">
      <Filter>源文件\src</Filter>
    </ClCompile>
  </ItemGroup>
  <ItemGroup>
    <ClInclude Include="Cases.h">
      <Filter>头文件</Filter>
    </ClInclude>
    <ClInclude Include="..\Server\majiang\ActionValidator\ActionValidator.h">
      <Filter>源文件\src</Filter>
    </ClInclude>
    <ClInclude Include="..\Server\majiang\ActionValidator\ActionValidatorCreator.h">
      <Filter>源文件\src</Filter>
    </ClInclude>
    <ClInclude Include="..\Server\majiang\BankerSelector\BankerSelector.h">
      <Filter>源文件\src</Filter>
    </ClInclude>
    <ClInclude Include="..\Server\majiang\BankerSelector\BankerSelectorCreator.h">
      <Filter>源文件\src</Filter>
    </ClInclude>
    <ClInclude Include="..\Server\majiang\Card\Card.h">
      <Filter>源文件\src</Filter>
    </ClInclude>
    <ClInclude Include="..\Server\majiang\Card\CardInfo.h">
      <Filter>源文件\src</Filter>
    </ClInclude>
    <ClInclude Include="..\Server\majiang\CardBlocks\CardBlocks.h">
      <Filter>源文件\src</Filter>
    </ClInclude>
    <ClInclude Include="..\Server\majiang\CardBlocks\CardBlocksCreator.h">
      <Filter>源文件\src</Filter>
    </ClInclude>
    <ClInclude Include="..\Server\majiang\Common\PlayerPos.h">
      <Filter>源文件\src</Filter>
    </ClInclude>
    <ClInclude Include="..\Server\majiang\Common\RefCntObj.h">
      <Filter>源文件\src</Filter>
    </ClInclude>
    <ClInclude Include="..\Server\majiang\Common\Restatistic.h">
      <Filter>源文件\src</Filter>
    </ClInclude>
    <ClInclude Include="..\Server\majiang\Common\Statistic.h">
      <Filter>源文件\src</Filter>
    </ClInclude>
    <ClInclude Include="..\Server\majiang\Common\Util.h">
      <Filter>源文件\src</Filter>
    </ClInclude>
    <ClInclude Include="..\Server\majiang\Common\UtilTemplate.h">
      <Filter>源文件\src</Filter>
    </ClInclude>
    <ClInclude Include="..\Server\majiang\Extension\ExtensionActionValidator.h">
      <Filter>源文件\src</Filter>
    </ClInclude>
    <ClInclude Include="..\Server\majiang\Extension\ExtensionBankerSelector.h">
      <Filter>源文件\src</Filter>
    </ClInclude>
    <ClInclude Include="..\Server\majiang\Extension\ExtensionCardBlocks.h">
      <Filter>源文件\src</Filter>
    </ClInclude>
    <ClInclude Include="..\Server\majiang\Extension\ExtensionGameDirection.h">
      <Filter>源文件\src</Filter>
    </ClInclude>
    <ClInclude Include="..\Server\majiang\Extension\ExtensionGameOptions.h">
      <Filter>源文件\src</Filter>
    </ClInclude>
    <ClInclude Include="..\Server\majiang\Extension\ExtensionGamePlayerConnector.h">
      <Filter>源文件\src</Filter>
    </ClInclude>
    <ClInclude Include="..\Server\majiang\Extension\ExtensionHuAction.h">
      <Filter>源文件\src</Filter>
    </ClInclude>
    <ClInclude Include="..\Server\majiang\Extension\ExtensionHuPattern.h">
      <Filter>源文件\src</Filter>
    </ClInclude>
    <ClInclude Include="..\Server\majiang\Extension\ExtensionInterceptableCards.h">
      <Filter>源文件\src</Filter>
    </ClInclude>
    <ClInclude Include="..\Server\majiang\Extension\ExtensionLiquidation.h">
      <Filter>源文件\src</Filter>
    </ClInclude>
    <ClInclude Include="..\Server\majiang\Extension\ExtensionLogger.h">
      <Filter>源文件\src</Filter>
    </ClInclude>
    <ClInclude Include="..\Server\majiang\Extension\ExtensionMessageDelegate.h">
      <Filter>源文件\src</Filter>
    </ClInclude>
    <ClInclude Include="..\Server\majiang\Extension\ExtensionPlayer.h">
      <Filter>源文件\src</Filter>
    </ClInclude>
    <ClInclude Include="..\Server\majiang\Extension\ExtensionProcedureController.h">
      <Filter>源文件\src</Filter>
    </ClInclude>
    <ClInclude Include="..\Server\majiang\Extension\ExtensionTimer.h">
      <Filter>源文件\src</Filter>
    </ClInclude>
    <ClInclude Include="..\Server\majiang\ExtensionObject\ExtensionID.h">
      <Filter>源文件\src</Filter>
    </ClInclude>
    <ClInclude Include="..\Server\majiang\ExtensionObject\ExtensionObject.h">
      <Filter>源文件\src</Filter>
    </ClInclude>
    <ClInclude Include="..\Server\majiang\GameContext\GameContext.h">
      <Filter>源文件\src</Filter>
    </ClInclude>
    <ClInclude Include="..\Server\majiang\GameContext\GameContextCreator.h">
      <Filter>源文件\src</Filter>
    </ClInclude>
    <ClInclude Include="..\Server\majiang\GameContext\GameContextCreatorImpl.h">
      <Filter>源文件\src</Filter>
    </ClInclude>
    <ClInclude Include="..\Server\majiang\GameDirection\GameDirection.h">
      <Filter>源文件\src</Filter>
    </ClInclude>
    <ClInclude Include="..\Server\majiang\GameDirection\GameDirectionCreator.h">
      <Filter>源文件\src</Filter>
    </ClInclude>
    <ClInclude Include="..\Server\majiang\GamePlayerConnector\GamePlayerConnector.h">
      <Filter>源文件\src</Filter>
    </ClInclude>
    <ClInclude Include="..\Server\majiang\GamePlayerConnector\GamePlayerConnectorCreator.h">
      <Filter>源文件\src</Filter>
    </ClInclude>
    <ClInclude Include="..\Server\majiang\GamePlayerConnector\MessageDelegate.h">
      <Filter>源文件\src</Filter>
    </ClInclude>
    <ClInclude Include="..\Server\majiang\GamePlayerConnector\MessageSender.h">
      <Filter>源文件\src</Filter>
    </ClInclude>
    <ClInclude Include="..\Server\majiang\GamePlayerConnector\Notification.h">
      <Filter>源文件\src</Filter>
    </ClInclude>
    <ClInclude Include="..\Server\majiang\GameProcedure\ProcedureAfterGetCard.h">
      <Filter>源文件\src</Filter>
    </ClInclude>
    <ClInclude Include="..\Server\majiang\GameProcedure\ProcedureDetermineIntercept.h">
      <Filter>源文件\src</Filter>
    </ClInclude>
    <ClInclude Include="..\Server\majiang\GameProcedure\ProcedureDistributeCard.h">
      <Filter>源文件\src</Filter>
    </ClInclude>
    <ClInclude Include="..\Server\majiang\GameProcedure\ProcedureGameStart.h">
      <Filter>源文件\src</Filter>
    </ClInclude>
    <ClInclude Include="..\Server\majiang\GameProcedure\ProcedureInterceptCard.h">
      <Filter>源文件\src</Filter>
    </ClInclude>
    <ClInclude Include="..\Server\majiang\GameProcedure\ProcedureLiquidation.h">
      <Filter>源文件\src</Filter>
    </ClInclude>
    <ClInclude Include="..\Server\majiang\GameProcedure\ProcedureNormalDrawCard.h">
      <Filter>源文件\src</Filter>
    </ClInclude>
    <ClInclude Include="..\Server\majiang\GameProcedure\ProcedureReadyHandDiscard.h">
      <Filter>源文件\src</Filter>
    </ClInclude>
    <ClInclude Include="..\Server\majiang\GameProcedure\ProcedureWaitSendCard.h">
      <Filter>源文件\src</Filter>
    </ClInclude>
    <ClInclude Include="..\Server\majiang\HuPattern\HuPatternMatch.h">
      <Filter>源文件\src</Filter>
    </ClInclude>
    <ClInclude Include="..\Server\majiang\HuPattern\HuPatternSet.h">
      <Filter>源文件\src</Filter>
    </ClInclude>
    <ClInclude Include="..\Server\majiang\HuPattern\HuType.h">
      <Filter>源文件\src</Filter>
    </ClInclude>
    <ClInclude Include="..\Server\majiang\HuPattern\PatternListGetter.h">
      <Filter>源文件\src</Filter>
    </ClInclude>
    <ClInclude Include="..\Server\majiang\HuPattern\PatternListGetterCommon.h">
      <Filter>源文件\src</Filter>
    </ClInclude>
    <ClInclude Include="..\Server\majiang\HuPattern\PatternListGetterIgnore.h">
      <Filter>源文件\src</Filter>
    </ClInclude>
    <ClInclude Include="..\Server\majiang\Interception\Interception.h">
      <Filter>源文件\src</Filter>
    </ClInclude>
    <ClInclude Include="..\Server\majiang\Liquidation\Liquidation.h">
      <Filter>源文件\src</Filter>
    </ClInclude>
    <ClInclude Include="..\Server\majiang\Logger\Logger.h">
      <Filter>源文件\src</Filter>
    </ClInclude>
    <ClInclude Include="..\Server\majiang\Notification\NotificationDiscardCard.h">
      <Filter>源文件\src</Filter>
    </ClInclude>
    <ClInclude Include="..\Server\majiang\Notification\NotificationDistributeCard.h">
      <Filter>源文件\src</Filter>
    </ClInclude>
    <ClInclude Include="..\Server\majiang\Notification\NotificationFirstRun.h">
      <Filter>源文件\src</Filter>
    </ClInclude>
    <ClInclude Include="..\Server\majiang\Notification\NotificationGameBegin.h">
      <Filter>源文件\src</Filter>
    </ClInclude>
    <ClInclude Include="..\Server\majiang\Notification\NotificationInterceptionResult.h">
      <Filter>源文件\src</Filter>
    </ClInclude>
    <ClInclude Include="..\Server\majiang\Notification\NotificationLiquidation.h">
      <Filter>源文件\src</Filter>
    </ClInclude>
    <ClInclude Include="..\Server\majiang\Notification\NotificationNormalDrawCard.h">
      <Filter>源文件\src</Filter>
    </ClInclude>
    <ClInclude Include="..\Server\majiang\PatternFinder\CardStatistic.h">
      <Filter>源文件\src</Filter>
    </ClInclude>
    <ClInclude Include="..\Server\majiang\PatternFinder\Pattern.h">
      <Filter>源文件\src</Filter>
    </ClInclude>
    <ClInclude Include="..\Server\majiang\PatternFinder\PatternCombination.h">
      <Filter>源文件\src</Filter>
    </ClInclude>
    <ClInclude Include="..\Server\majiang\PatternFinder\PatternConst.h">
      <Filter>源文件\src</Filter>
    </ClInclude>
    <ClInclude Include="..\Server\majiang\PatternFinder\PatternFinder.h">
      <Filter>源文件\src</Filter>
    </ClInclude>
    <ClInclude Include="..\Server\majiang\PatternFinder\PatternIntcRun.h">
      <Filter>源文件\src</Filter>
    </ClInclude>
    <ClInclude Include="..\Server\majiang\PatternFinder\PatternIntcSet.h">
      <Filter>源文件\src</Filter>
    </ClInclude>
    <ClInclude Include="..\Server\majiang\PatternFinder\PatternJokerConst.h">
      <Filter>源文件\src</Filter>
    </ClInclude>
    <ClInclude Include="..\Server\majiang\PatternFinder\PatternJokerList.h">
      <Filter>源文件\src</Filter>
    </ClInclude>
    <ClInclude Include="..\Server\majiang\PatternFinder\PatternJokerRun.h">
      <Filter>源文件\src</Filter>
    </ClInclude>
    <ClInclude Include="..\Server\majiang\PatternFinder\PatternJokerSet.h">
      <Filter>源文件\src</Filter>
    </ClInclude>
    <ClInclude Include="..\Server\majiang\PatternFinder\PatternPairs.h">
      <Filter>源文件\src</Filter>
    </ClInclude>
    <ClInclude Include="..\Server\majiang\PatternFinder\PatternResultCards.h">
      <Filter>源文件\src</Filter>
    </ClInclude>
    <ClInclude Include="..\Server\majiang\PatternFinder\PatternResultInterception.h">
      <Filter>源文件\src</Filter>
    </ClInclude>
    <ClInclude Include="..\Server\majiang\PatternFinder\PatternRun.h">
      <Filter>源文件\src</Filter>
    </ClInclude>
    <ClInclude Include="..\Server\majiang\PatternFinder\PatternSet.h">
      <Filter>源文件\src</Filter>
    </ClInclude>
    <ClInclude Include="..\Server\majiang\PatternFinder\PatternType.h">
      <Filter>源文件\src</Filter>
    </ClInclude>
    <ClInclude Include="..\Server\majiang\Player\Player.h">
      <Filter>源文件\src</Filter>
    </ClInclude>
    <ClInclude Include="..\Server\majiang\Player\PlayerCreator.h">
      <Filter>源文件\src</Filter>
    </ClInclude>
    <ClInclude Include="..\Server\majiang\Procedure\Procedure.h">
      <Filter>源文件\src</Filter>
    </ClInclude>
    <ClInclude Include="..\Server\majiang\Procedure\ProcedureChangedDelegate.h">
      <Filter>源文件\src</Filter>
    </ClInclude>
    <ClInclude Include="..\Server\majiang\Procedure\ProcedureController.h">
      <Filter>源文件\src</Filter>
    </ClInclude>
    <ClInclude Include="..\Server\majiang\Procedure\ProcedureType.h">
      <Filter>源文件\src</Filter>
    </ClInclude>
    <ClInclude Include="..\Server\majiang\Timer\Timer.h">
      <Filter>源文件\src</Filter>
    </ClInclude>
    <ClInclude Include="..\Specialize\DrawCardValidator.h">
      <Filter>源文件\src</Filter>
    </ClInclude>
    <ClInclude Include="..\Specialize\ExtensionGameParam.h">
      <Filter>源文件\src</Filter>
    </ClInclude>
    <ClInclude Include="..\Specialize\ExtensionGameRunningData.h">
      <Filter>源文件\src</Filter>
    </ClInclude>
    <ClInclude Include="..\Specialize\ExtensionGameStatistic.h">
      <Filter>源文件\src</Filter>
    </ClInclude>
    <ClInclude Include="..\Specialize\ExtensionTreasure.h">
      <Filter>源文件\src</Filter>
    </ClInclude>
    <ClInclude Include="..\Specialize\GameDef.h">
      <Filter>源文件\src</Filter>
    </ClInclude>
    <ClInclude Include="..\Specialize\GangHandler.h">
      <Filter>源文件\src</Filter>
    </ClInclude>
    <ClInclude Include="..\Specialize\JianHandler.h">
      <Filter>源文件\src</Filter>
    </ClInclude>
    <ClInclude Include="..\Specialize\PlayerActionDelegate.h">
      <Filter>源文件\src</Filter>
    </ClInclude>
    <ClInclude Include="..\Specialize\PlayerStatusDef.h">
      <Filter>源文件\src</Filter>
    </ClInclude>
    <ClInclude Include="..\Specialize\ProcedureFenZhang.h">
      <Filter>源文件\src</Filter>
    </ClInclude>
    <ClInclude Include="..\Specialize\ProcedureJinBao.h">
      <Filter>源文件\src</Filter>
    </ClInclude>
    <ClInclude Include="..\Specialize\ProcedureKaiMenHong.h">
      <Filter>源文件\src</Filter>
    </ClInclude>
    <ClInclude Include="..\Specialize\ProcedureQiangGang.h">
      <Filter>源文件\src</Filter>
    </ClInclude>
    <ClInclude Include="..\Specialize\TingHandler.h">
      <Filter>源文件\src</Filter>
    </ClInclude>
    <ClInclude Include="..\Specialize\WinHandler.h">
      <Filter>源文件\src</Filter>
    </ClInclude>
    <ClInclude Include="..\Specialize\WinType.h">
      <Filter>源文件\src</Filter>
    </ClInclude>
    <ClInclude Include="..\Specialize\ZhanHandler.h">
      <Filter>源文件\src</Filter>
    </ClInclude>
    <ClInclude Include="..\Specialize\SpecCardScoreDelegate.h">
      <Filter>源文件\src</Filter>
    </ClInclude>
    <ClInclude Include="Cases\TestScore.h">
      <Filter>头文件\Cases</Filter>
    </ClInclude>
    <ClInclude Include="..\Server\majiang\GamePlayerConnector\Question.h">
      <Filter>源文件\src</Filter>
    </ClInclude>
    <ClInclude Include="..\Server\majiang\Notification\QuestionInterception.h">
      <Filter>源文件\src</Filter>
    </ClInclude>
    <ClInclude Include="..\Server\majiang\Notification\QuestionReadyHandDiscard.h">
      <Filter>源文件\src</Filter>
    </ClInclude>
    <ClInclude Include="..\Server\majiang\Notification\QuestionWaitDiscard.h">
      <Filter>源文件\src</Filter>
    </ClInclude>
    <ClInclude Include="Cases\TestWinType.h">
      <Filter>头文件\Cases</Filter>
    </ClInclude>
    <ClInclude Include="Cases\TestPaiXing.h">
      <Filter>头文件\Cases</Filter>
    </ClInclude>
    <ClInclude Include="TestLiquidation.h">
      <Filter>头文件\Cases</Filter>
    </ClInclude>
    <ClInclude Include="..\Server\majiang\PatternFinder\PatternNormalWin.h">
      <Filter>源文件\src</Filter>
    </ClInclude>
    <ClInclude Include="..\Specialize\AdapterUtil.h">
      <Filter>源文件\src</Filter>
    </ClInclude>
    <ClInclude Include="..\Server\majiang\PatternFinder\PatternShiSanYao.h">
      <Filter>源文件\src</Filter>
    </ClInclude>
  </ItemGroup>
</Project>